{
  "name": "dull-party-2583",
  "lockfileVersion": 2,
  "requires": true,
  "packages": {
    "": {
      "dependencies": {
        "flickity": "^3.0.0"
      }
    },
    "node_modules/ev-emitter": {
      "version": "2.1.2",
      "resolved": "https://registry.npmjs.org/ev-emitter/-/ev-emitter-2.1.2.tgz",
      "integrity": "sha512-jQ5Ql18hdCQ4qS+RCrbLfz1n+Pags27q5TwMKvZyhp5hh2UULUYZUy1keqj6k6SYsdqIYjnmz7xyyEY0V67B8Q=="
    },
    "node_modules/fizzy-ui-utils": {
      "version": "3.0.0",
      "resolved": "https://registry.npmjs.org/fizzy-ui-utils/-/fizzy-ui-utils-3.0.0.tgz",
      "integrity": "sha512-uJj38QFQiJ/KCio5tiZhwAjIbTXSIgzBCKdKVbaYfLS053F6z23Nb0o1ZoO9gnxOQWN7BCc35jsvrCtAq3gY9g=="
    },
    "node_modules/flickity": {
      "version": "3.0.0",
      "resolved": "https://registry.npmjs.org/flickity/-/flickity-3.0.0.tgz",
      "integrity": "sha512-Xw4znhglA2LVSmka0yKmzb4+fLwXm13TuKmdG1HbUoZZL95J1ZMr4hAA3w69s+Z6q/c6CyBDM25JVwMqgF3rOg==",
      "dependencies": {
        "ev-emitter": "^2.1.2",
        "fizzy-ui-utils": "^3.0.0",
        "get-size": "^3.0.0",
        "imagesloaded": "^5.0.0",
        "unidragger": "^3.0.0"
      }
    },
    "node_modules/get-size": {
      "version": "3.0.0",
      "resolved": "https://registry.npmjs.org/get-size/-/get-size-3.0.0.tgz",
      "integrity": "sha512-Y8aiXLq4leR7807UY0yuKEwif5s3kbVp1nTv+i4jBeoUzByTLKkLWu/HorS6/pB+7gsB0o7OTogC8AoOOeT0Hw=="
    },
    "node_modules/imagesloaded": {
      "version": "5.0.0",
      "resolved": "https://registry.npmjs.org/imagesloaded/-/imagesloaded-5.0.0.tgz",
      "integrity": "sha512-/0JGSubc1MTCoDKVmonLHgbifBWHdyLkun+R/151E1c5n79hiSxcd7cB7mPXFgojYu8xnRZv7GYxzKoxW8BetQ==",
      "dependencies": {
        "ev-emitter": "^2.1.2"
      }
    },
    "node_modules/unidragger": {
      "version": "3.0.1",
      "resolved": "https://registry.npmjs.org/unidragger/-/unidragger-3.0.1.tgz",
      "integrity": "sha512-RngbGSwBFmqGBWjkaH+yB677uzR95blSQyxq6hYbrQCejH3Mx1nm8DVOuh3M9k2fQyTstWUG5qlgCnNqV/9jVw==",
      "dependencies": {
        "ev-emitter": "^2.0.0"
      }
    }
  },
  "dependencies": {
    "ev-emitter": {
      "version": "2.1.2",
      "resolved": "https://registry.npmjs.org/ev-emitter/-/ev-emitter-2.1.2.tgz",
      "integrity": "sha512-jQ5Ql18hdCQ4qS+RCrbLfz1n+Pags27q5TwMKvZyhp5hh2UULUYZUy1keqj6k6SYsdqIYjnmz7xyyEY0V67B8Q=="
    },
    "fizzy-ui-utils": {
      "version": "3.0.0",
      "resolved": "https://registry.npmjs.org/fizzy-ui-utils/-/fizzy-ui-utils-3.0.0.tgz",
      "integrity": "sha512-uJj38QFQiJ/KCio5tiZhwAjIbTXSIgzBCKdKVbaYfLS053F6z23Nb0o1ZoO9gnxOQWN7BCc35jsvrCtAq3gY9g=="
    },
    "flickity": {
      "version": "3.0.0",
      "resolved": "https://registry.npmjs.org/flickity/-/flickity-3.0.0.tgz",
      "integrity": "sha512-Xw4znhglA2LVSmka0yKmzb4+fLwXm13TuKmdG1HbUoZZL95J1ZMr4hAA3w69s+Z6q/c6CyBDM25JVwMqgF3rOg==",
      "requires": {
        "ev-emitter": "^2.1.2",
        "fizzy-ui-utils": "^3.0.0",
        "get-size": "^3.0.0",
        "imagesloaded": "^5.0.0",
        "unidragger": "^3.0.0"
      }
    },
    "get-size": {
      "version": "3.0.0",
      "resolved": "https://registry.npmjs.org/get-size/-/get-size-3.0.0.tgz",
      "integrity": "sha512-Y8aiXLq4leR7807UY0yuKEwif5s3kbVp1nTv+i4jBeoUzByTLKkLWu/HorS6/pB+7gsB0o7OTogC8AoOOeT0Hw=="
    },
    "imagesloaded": {
      "version": "5.0.0",
      "resolved": "https://registry.npmjs.org/imagesloaded/-/imagesloaded-5.0.0.tgz",
      "integrity": "sha512-/0JGSubc1MTCoDKVmonLHgbifBWHdyLkun+R/151E1c5n79hiSxcd7cB7mPXFgojYu8xnRZv7GYxzKoxW8BetQ==",
      "requires": {
        "ev-emitter": "^2.1.2"
      }
    },
    "unidragger": {
      "version": "3.0.1",
      "resolved": "https://registry.npmjs.org/unidragger/-/unidragger-3.0.1.tgz",
      "integrity": "sha512-RngbGSwBFmqGBWjkaH+yB677uzR95blSQyxq6hYbrQCejH3Mx1nm8DVOuh3M9k2fQyTstWUG5qlgCnNqV/9jVw==",
      "requires": {
        "ev-emitter": "^2.0.0"
      }
    }
  }
}
